
Microsoft Visual Studio Solution File, Format Version 12.00
# Visual Studio Version 16
VisualStudioVersion = 16.0.29728.190
MinimumVisualStudioVersion = 10.0.40219.1
Project("{FAE04EC0-301F-11D3-BF4B-00C04F79EFBC}") = "Games", "Games.csproj", "{91386E55-7DD0-4676-9280-260DE729BCDE}"
EndProject
Project("{FAE04EC0-301F-11D3-BF4B-00C04F79EFBC}") = "PazDra", "..\PazDra\PazDra.csproj", "{D9C59FA5-B3BD-4149-A085-060ED682E25F}"
EndProject
Global
	GlobalSection(SolutionConfigurationPlatforms) = preSolution
		Debug|Any CPU = Debug|Any CPU
		Release|Any CPU = Release|Any CPU
	EndGlobalSection
	GlobalSection(ProjectConfigurationPlatforms) = postSolution
		{91386E55-7DD0-4676-9280-260DE729BCDE}.Debug|Any CPU.ActiveCfg = Debug|Any CPU
		{91386E55-7DD0-4676-9280-260DE729BCDE}.Debug|Any CPU.Build.0 = Debug|Any CPU
		{91386E55-7DD0-4676-9280-260DE729BCDE}.Release|Any CPU.ActiveCfg = Release|Any CPU
		{91386E55-7DD0-4676-9280-260DE729BCDE}.Release|Any CPU.Build.0 = Release|Any CPU
		{D9C59FA5-B3BD-4149-A085-060ED682E25F}.Debug|Any CPU.ActiveCfg = Debug|Any CPU
		{D9C59FA5-B3BD-4149-A085-060ED682E25F}.Debug|Any CPU.Build.0 = Debug|Any CPU
		{D9C59FA5-B3BD-4149-A085-060ED682E25F}.Release|Any CPU.ActiveCfg = Release|Any CPU
		{D9C59FA5-B3BD-4149-A085-060ED682E25F}.Release|Any CPU.Build.0 = Release|Any CPU
	EndGlobalSection
	GlobalSection(SolutionProperties) = preSolution
		HideSolutionNode = FALSE
	EndGlobalSection
	GlobalSection(ExtensibilityGlobals) = postSolution
		SolutionGuid = {482985A2-551D-4563-BDC7-46B9508F5EFF}
	EndGlobalSection
EndGlobal
